// !$*UTF8*$!
{
	archiveVersion = 1;
	classes = {
	};
	objectVersion = 46;
	objects = {

/* Begin PBXBuildFile section */
		1906CF9518AF015000A52A4E /* Foundation.framework in Frameworks */ = {isa = PBXBuildFile; fileRef = 1906CF9418AF015000A52A4E /* Foundation.framework */; };
		1906CF9718AF015000A52A4E /* CoreGraphics.framework in Frameworks */ = {isa = PBXBuildFile; fileRef = 1906CF9618AF015000A52A4E /* CoreGraphics.framework */; };
		1906CF9918AF015000A52A4E /* UIKit.framework in Frameworks */ = {isa = PBXBuildFile; fileRef = 1906CF9818AF015000A52A4E /* UIKit.framework */; };
		1906CF9F18AF015000A52A4E /* InfoPlist.strings in Resources */ = {isa = PBXBuildFile; fileRef = 1906CF9D18AF015000A52A4E /* InfoPlist.strings */; };
		1906CFA118AF015000A52A4E /* main.m in Sources */ = {isa = PBXBuildFile; fileRef = 1906CFA018AF015000A52A4E /* main.m */; };
		1906CFA518AF015000A52A4E /* sbAppDelegate.m in Sources */ = {isa = PBXBuildFile; fileRef = 1906CFA418AF015000A52A4E /* sbAppDelegate.m */; };
		1906CFA818AF015000A52A4E /* Main.storyboard in Resources */ = {isa = PBXBuildFile; fileRef = 1906CFA618AF015000A52A4E /* Main.storyboard */; };
		1906CFB018AF015000A52A4E /* Images.xcassets in Resources */ = {isa = PBXBuildFile; fileRef = 1906CFAF18AF015000A52A4E /* Images.xcassets */; };
		1906CFB718AF015000A52A4E /* XCTest.framework in Frameworks */ = {isa = PBXBuildFile; fileRef = 1906CFB618AF015000A52A4E /* XCTest.framework */; };
		1906CFB818AF015000A52A4E /* Foundation.framework in Frameworks */ = {isa = PBXBuildFile; fileRef = 1906CF9418AF015000A52A4E /* Foundation.framework */; };
		1906CFB918AF015000A52A4E /* UIKit.framework in Frameworks */ = {isa = PBXBuildFile; fileRef = 1906CF9818AF015000A52A4E /* UIKit.framework */; };
		1906CFC118AF015000A52A4E /* InfoPlist.strings in Resources */ = {isa = PBXBuildFile; fileRef = 1906CFBF18AF015000A52A4E /* InfoPlist.strings */; };
		1906CFC318AF015000A52A4E /* GistTests.m in Sources */ = {isa = PBXBuildFile; fileRef = 1906CFC218AF015000A52A4E /* GistTests.m */; };
		197998AE18AF02E500BAB13B /* sbMainViewController.m in Sources */ = {isa = PBXBuildFile; fileRef = 197998AD18AF02E500BAB13B /* sbMainViewController.m */; };
/* End PBXBuildFile section */

/* Begin PBXContainerItemProxy section */
		1906CFBA18AF015000A52A4E /* PBXContainerItemProxy */ = {
			isa = PBXContainerItemProxy;
			containerPortal = 1906CF8918AF015000A52A4E /* Project object */;
			proxyType = 1;
			remoteGlobalIDString = 1906CF9018AF015000A52A4E;
			remoteInfo = Gist;
		};
/* End PBXContainerItemProxy section */

/* Begin PBXFileReference section */
		1906CF9118AF015000A52A4E /* Gist.app */ = {isa = PBXFileReference; explicitFileType = wrapper.application; includeInIndex = 0; path = Gist.app; sourceTree = BUILT_PRODUCTS_DIR; };
		1906CF9418AF015000A52A4E /* Foundation.framework */ = {isa = PBXFileReference; lastKnownFileType = wrapper.framework; name = Foundation.framework; path = System/Library/Frameworks/Foundation.framework; sourceTree = SDKROOT; };
		1906CF9618AF015000A52A4E /* CoreGraphics.framework */ = {isa = PBXFileReference; lastKnownFileType = wrapper.framework; name = CoreGraphics.framework; path = System/Library/Frameworks/CoreGraphics.framework; sourceTree = SDKROOT; };
		1906CF9818AF015000A52A4E /* UIKit.framework */ = {isa = PBXFileReference; lastKnownFileType = wrapper.framework; name = UIKit.framework; path = System/Library/Frameworks/UIKit.framework; sourceTree = SDKROOT; };
		1906CF9C18AF015000A52A4E /* Gist-Info.plist */ = {isa = PBXFileReference; lastKnownFileType = text.plist.xml; path = "Gist-Info.plist"; sourceTree = "<group>"; };
		1906CF9E18AF015000A52A4E /* en */ = {isa = PBXFileReference; lastKnownFileType = text.plist.strings; name = en; path = en.lproj/InfoPlist.strings; sourceTree = "<group>"; };
		1906CFA018AF015000A52A4E /* main.m */ = {isa = PBXFileReference; lastKnownFileType = sourcecode.c.objc; path = main.m; sourceTree = "<group>"; };
		1906CFA218AF015000A52A4E /* Gist-Prefix.pch */ = {isa = PBXFileReference; lastKnownFileType = sourcecode.c.h; path = "Gist-Prefix.pch"; sourceTree = "<group>"; };
		1906CFA318AF015000A52A4E /* sbAppDelegate.h */ = {isa = PBXFileReference; lastKnownFileType = sourcecode.c.h; path = sbAppDelegate.h; sourceTree = "<group>"; };
		1906CFA418AF015000A52A4E /* sbAppDelegate.m */ = {isa = PBXFileReference; lastKnownFileType = sourcecode.c.objc; path = sbAppDelegate.m; sourceTree = "<group>"; };
		1906CFA718AF015000A52A4E /* Base */ = {isa = PBXFileReference; lastKnownFileType = file.storyboard; name = Base; path = Base.lproj/Main.storyboard; sourceTree = "<group>"; };
		1906CFAF18AF015000A52A4E /* Images.xcassets */ = {isa = PBXFileReference; lastKnownFileType = folder.assetcatalog; path = Images.xcassets; sourceTree = "<group>"; };
		1906CFB518AF015000A52A4E /* GistTests.xctest */ = {isa = PBXFileReference; explicitFileType = wrapper.cfbundle; includeInIndex = 0; path = GistTests.xctest; sourceTree = BUILT_PRODUCTS_DIR; };
		1906CFB618AF015000A52A4E /* XCTest.framework */ = {isa = PBXFileReference; lastKnownFileType = wrapper.framework; name = XCTest.framework; path = Library/Frameworks/XCTest.framework; sourceTree = DEVELOPER_DIR; };
		1906CFBE18AF015000A52A4E /* GistTests-Info.plist */ = {isa = PBXFileReference; lastKnownFileType = text.plist.xml; path = "GistTests-Info.plist"; sourceTree = "<group>"; };
		1906CFC018AF015000A52A4E /* en */ = {isa = PBXFileReference; lastKnownFileType = text.plist.strings; name = en; path = en.lproj/InfoPlist.strings; sourceTree = "<group>"; };
		1906CFC218AF015000A52A4E /* GistTests.m */ = {isa = PBXFileReference; lastKnownFileType = sourcecode.c.objc; path = GistTests.m; sourceTree = "<group>"; };
		197998AC18AF02E500BAB13B /* sbMainViewController.h */ = {isa = PBXFileReference; fileEncoding = 4; lastKnownFileType = sourcecode.c.h; path = sbMainViewController.h; sourceTree = "<group>"; };
		197998AD18AF02E500BAB13B /* sbMainViewController.m */ = {isa = PBXFileReference; fileEncoding = 4; lastKnownFileType = sourcecode.c.objc; path = sbMainViewController.m; sourceTree = "<group>"; };
/* End PBXFileReference section */

/* Begin PBXFrameworksBuildPhase section */
		1906CF8E18AF015000A52A4E /* Frameworks */ = {
			isa = PBXFrameworksBuildPhase;
			buildActionMask = 2147483647;
			files = (
				1906CF9718AF015000A52A4E /* CoreGraphics.framework in Frameworks */,
				1906CF9918AF015000A52A4E /* UIKit.framework in Frameworks */,
				1906CF9518AF015000A52A4E /* Foundation.framework in Frameworks */,
			);
			runOnlyForDeploymentPostprocessing = 0;
		};
		1906CFB218AF015000A52A4E /* Frameworks */ = {
			isa = PBXFrameworksBuildPhase;
			buildActionMask = 2147483647;
			files = (
				1906CFB718AF015000A52A4E /* XCTest.framework in Frameworks */,
				1906CFB918AF015000A52A4E /* UIKit.framework in Frameworks */,
				1906CFB818AF015000A52A4E /* Foundation.framework in Frameworks */,
			);
			runOnlyForDeploymentPostprocessing = 0;
		};
/* End PBXFrameworksBuildPhase section */

/* Begin PBXGroup section */
		1906CF8818AF015000A52A4E = {
			isa = PBXGroup;
			children = (
				1906CF9A18AF015000A52A4E /* Gist */,
				1906CFBC18AF015000A52A4E /* GistTests */,
				1906CF9318AF015000A52A4E /* Frameworks */,
				1906CF9218AF015000A52A4E /* Products */,
			);
			sourceTree = "<group>";
		};
		1906CF9218AF015000A52A4E /* Products */ = {
			isa = PBXGroup;
			children = (
				1906CF9118AF015000A52A4E /* Gist.app */,
				1906CFB518AF015000A52A4E /* GistTests.xctest */,
			);
			name = Products;
			sourceTree = "<group>";
		};
		1906CF9318AF015000A52A4E /* Frameworks */ = {
			isa = PBXGroup;
			children = (
				1906CF9418AF015000A52A4E /* Foundation.framework */,
				1906CF9618AF015000A52A4E /* CoreGraphics.framework */,
				1906CF9818AF015000A52A4E /* UIKit.framework */,
				1906CFB618AF015000A52A4E /* XCTest.framework */,
			);
			name = Frameworks;
			sourceTree = "<group>";
		};
		1906CF9A18AF015000A52A4E /* Gist */ = {
			isa = PBXGroup;
			children = (
				1906CFA318AF015000A52A4E /* sbAppDelegate.h */,
				1906CFA418AF015000A52A4E /* sbAppDelegate.m */,
				1906CFA618AF015000A52A4E /* Main.storyboard */,
				197998AC18AF02E500BAB13B /* sbMainViewController.h */,
				197998AD18AF02E500BAB13B /* sbMainViewController.m */,
				1906CFAF18AF015000A52A4E /* Images.xcassets */,
				1906CF9B18AF015000A52A4E /* Supporting Files */,
			);
			path = Gist;
			sourceTree = "<group>";
		};
		1906CF9B18AF015000A52A4E /* Supporting Files */ = {
			isa = PBXGroup;
			children = (
				1906CF9C18AF015000A52A4E /* Gist-Info.plist */,
				1906CF9D18AF015000A52A4E /* InfoPlist.strings */,
				1906CFA018AF015000A52A4E /* main.m */,
				1906CFA218AF015000A52A4E /* Gist-Prefix.pch */,
			);
			name = "Supporting Files";
			sourceTree = "<group>";
		};
		1906CFBC18AF015000A52A4E /* GistTests */ = {
			isa = PBXGroup;
			children = (
				1906CFC218AF015000A52A4E /* GistTests.m */,
				1906CFBD18AF015000A52A4E /* Supporting Files */,
			);
			path = GistTests;
			sourceTree = "<group>";
		};
		1906CFBD18AF015000A52A4E /* Supporting Files */ = {
			isa = PBXGroup;
			children = (
				1906CFBE18AF015000A52A4E /* GistTests-Info.plist */,
				1906CFBF18AF015000A52A4E /* InfoPlist.strings */,
			);
			name = "Supporting Files";
			sourceTree = "<group>";
		};
/* End PBXGroup section */

/* Begin PBXNativeTarget section */
		1906CF9018AF015000A52A4E /* Gist */ = {
			isa = PBXNativeTarget;
			buildConfigurationList = 1906CFC618AF015000A52A4E /* Build configuration list for PBXNativeTarget "Gist" */;
			buildPhases = (
				1906CF8D18AF015000A52A4E /* Sources */,
				1906CF8E18AF015000A52A4E /* Frameworks */,
				1906CF8F18AF015000A52A4E /* Resources */,
			);
			buildRules = (
			);
			dependencies = (
			);
			name = Gist;
			productName = Gist;
			productReference = 1906CF9118AF015000A52A4E /* Gist.app */;
			productType = "com.apple.product-type.application";
		};
		1906CFB418AF015000A52A4E /* GistTests */ = {
			isa = PBXNativeTarget;
			buildConfigurationList = 1906CFC918AF015000A52A4E /* Build configuration list for PBXNativeTarget "GistTests" */;
			buildPhases = (
				1906CFB118AF015000A52A4E /* Sources */,
				1906CFB218AF015000A52A4E /* Frameworks */,
				1906CFB318AF015000A52A4E /* Resources */,
			);
			buildRules = (
			);
			dependencies = (
				1906CFBB18AF015000A52A4E /* PBXTargetDependency */,
			);
			name = GistTests;
			productName = GistTests;
			productReference = 1906CFB518AF015000A52A4E /* GistTests.xctest */;
			productType = "com.apple.product-type.bundle.unit-test";
		};
/* End PBXNativeTarget section */

/* Begin PBXProject section */
		1906CF8918AF015000A52A4E /* Project object */ = {
			isa = PBXProject;
			attributes = {
				CLASSPREFIX = sb;
				LastUpgradeCheck = 0500;
				ORGANIZATIONNAME = "Sacha Best";
				TargetAttributes = {
					1906CFB418AF015000A52A4E = {
						TestTargetID = 1906CF9018AF015000A52A4E;
					};
				};
			};
			buildConfigurationList = 1906CF8C18AF015000A52A4E /* Build configuration list for PBXProject "Gist" */;
			compatibilityVersion = "Xcode 3.2";
			developmentRegion = English;
			hasScannedForEncodings = 0;
			knownRegions = (
				en,
				Base,
			);
			mainGroup = 1906CF8818AF015000A52A4E;
			productRefGroup = 1906CF9218AF015000A52A4E /* Products */;
			projectDirPath = "";
			projectRoot = "";
			targets = (
				1906CF9018AF015000A52A4E /* Gist */,
				1906CFB418AF015000A52A4E /* GistTests */,
			);
		};
/* End PBXProject section */

/* Begin PBXResourcesBuildPhase section */
		1906CF8F18AF015000A52A4E /* Resources */ = {
			isa = PBXResourcesBuildPhase;
			buildActionMask = 2147483647;
			files = (
				1906CFB018AF015000A52A4E /* Images.xcassets in Resources */,
				1906CF9F18AF015000A52A4E /* InfoPlist.strings in Resources */,
				1906CFA818AF015000A52A4E /* Main.storyboard in Resources */,
			);
			runOnlyForDeploymentPostprocessing = 0;
		};
		1906CFB318AF015000A52A4E /* Resources */ = {
			isa = PBXResourcesBuildPhase;
			buildActionMask = 2147483647;
			files = (
				1906CFC118AF015000A52A4E /* InfoPlist.strings in Resources */,
			);
			runOnlyForDeploymentPostprocessing = 0;
		};
/* End PBXResourcesBuildPhase section */

/* Begin PBXSourcesBuildPhase section */
		1906CF8D18AF015000A52A4E /* Sources */ = {
			isa = PBXSourcesBuildPhase;
			buildActionMask = 2147483647;
			files = (
				1906CFA118AF015000A52A4E /* main.m in Sources */,
				197998AE18AF02E500BAB13B /* sbMainViewController.m in Sources */,
				1906CFA518AF015000A52A4E /* sbAppDelegate.m in Sources */,
			);
			runOnlyForDeploymentPostprocessing = 0;
		};
		1906CFB118AF015000A52A4E /* Sources */ = {
			isa = PBXSourcesBuildPhase;
			buildActionMask = 2147483647;
			files = (
				1906CFC318AF015000A52A4E /* GistTests.m in Sources */,
			);
			runOnlyForDeploymentPostprocessing = 0;
		};
/* End PBXSourcesBuildPhase section */

/* Begin PBXTargetDependency section */
		1906CFBB18AF015000A52A4E /* PBXTargetDependency */ = {
			isa = PBXTargetDependency;
			target = 1906CF9018AF015000A52A4E /* Gist */;
			targetProxy = 1906CFBA18AF015000A52A4E /* PBXContainerItemProxy */;
		};
/* End PBXTargetDependency section */

/* Begin PBXVariantGroup section */
		1906CF9D18AF015000A52A4E /* InfoPlist.strings */ = {
			isa = PBXVariantGroup;
			children = (
				1906CF9E18AF015000A52A4E /* en */,
			);
			name = InfoPlist.strings;
			sourceTree = "<group>";
		};
		1906CFA618AF015000A52A4E /* Main.storyboard */ = {
			isa = PBXVariantGroup;
			children = (
				1906CFA718AF015000A52A4E /* Base */,
			);
			name = Main.storyboard;
			sourceTree = "<group>";
		};
		1906CFBF18AF015000A52A4E /* InfoPlist.strings */ = {
			isa = PBXVariantGroup;
			children = (
				1906CFC018AF015000A52A4E /* en */,
			);
			name = InfoPlist.strings;
			sourceTree = "<group>";
		};
/* End PBXVariantGroup section */

/* Begin XCBuildConfiguration section */
		1906CFC418AF015000A52A4E /* Debug */ = {
			isa = XCBuildConfiguration;
			buildSettings = {
				ALWAYS_SEARCH_USER_PATHS = NO;
				ARCHS = "$(ARCHS_STANDARD_INCLUDING_64_BIT)";
				CLANG_CXX_LANGUAGE_STANDARD = "gnu++0x";
				CLANG_CXX_LIBRARY = "libc++";
				CLANG_ENABLE_MODULES = YES;
				CLANG_ENABLE_OBJC_ARC = YES;
				CLANG_WARN_BOOL_CONVERSION = YES;
				CLANG_WARN_CONSTANT_CONVERSION = YES;
				CLANG_WARN_DIRECT_OBJC_ISA_USAGE = YES_ERROR;
				CLANG_WARN_EMPTY_BODY = YES;
				CLANG_WARN_ENUM_CONVERSION = YES;
				CLANG_WARN_INT_CONVERSION = YES;
				CLANG_WARN_OBJC_ROOT_CLASS = YES_ERROR;
				CLANG_WARN__DUPLICATE_METHOD_MATCH = YES;
				"CODE_SIGN_IDENTITY[sdk=iphoneos*]" = "iPhone Developer";
				COPY_PHASE_STRIP = NO;
				GCC_C_LANGUAGE_STANDARD = gnu99;
				GCC_DYNAMIC_NO_PIC = NO;
				GCC_OPTIMIZATION_LEVEL = 0;
				GCC_PREPROCESSOR_DEFINITIONS = (
					"DEBUG=1",
					"$(inherited)",
				);
				GCC_SYMBOLS_PRIVATE_EXTERN = NO;
				GCC_WARN_64_TO_32_BIT_CONVERSION = YES;
				GCC_WARN_ABOUT_RETURN_TYPE = YES_ERROR;
				GCC_WARN_UNDECLARED_SELECTOR = YES;
				GCC_WARN_UNINITIALIZED_AUTOS = YES;
				GCC_WARN_UNUSED_FUNCTION = YES;
				GCC_WARN_UNUSED_VARIABLE = YES;
				IPHONEOS_DEPLOYMENT_TARGET = 7.0;
				ONLY_ACTIVE_ARCH = YES;
				SDKROOT = iphoneos;
			};
			name = Debug;
		};
		1906CFC518AF015000A52A4E /* Release */ = {
			isa = XCBuildConfiguration;
			buildSettings = {
				ALWAYS_SEARCH_USER_PATHS = NO;
				ARCHS = "$(ARCHS_STANDARD_INCLUDING_64_BIT)";
				CLANG_CXX_LANGUAGE_STANDARD = "gnu++0x";
				CLANG_CXX_LIBRARY = "libc++";
				CLANG_ENABLE_MODULES = YES;
				CLANG_ENABLE_OBJC_ARC = YES;
				CLANG_WARN_BOOL_CONVERSION = YES;
				CLANG_WARN_CONSTANT_CONVERSION = YES;
				CLANG_WARN_DIRECT_OBJC_ISA_USAGE = YES_ERROR;
				CLANG_WARN_EMPTY_BODY = YES;
				CLANG_WARN_ENUM_CONVERSION = YES;
				CLANG_WARN_INT_CONVERSION = YES;
				CLANG_WARN_OBJC_ROOT_CLASS = YES_ERROR;
				CLANG_WARN__DUPLICATE_METHOD_MATCH = YES;
				"CODE_SIGN_IDENTITY[sdk=iphoneos*]" = "iPhone Developer";
				COPY_PHASE_STRIP = YES;
				ENABLE_NS_ASSERTIONS = NO;
				GCC_C_LANGUAGE_STANDARD = gnu99;
				GCC_WARN_64_TO_32_BIT_CONVERSION = YES;
				GCC_WARN_ABOUT_RETURN_TYPE = YES_ERROR;
				GCC_WARN_UNDECLARED_SELECTOR = YES;
				GCC_WARN_UNINITIALIZED_AUTOS = YES;
				GCC_WARN_UNUSED_FUNCTION = YES;
				GCC_WARN_UNUSED_VARIABLE = YES;
				IPHONEOS_DEPLOYMENT_TARGET = 7.0;
				SDKROOT = iphoneos;
				VALIDATE_PRODUCT = YES;
			};
			name = Release;
		};
		1906CFC718AF015000A52A4E /* Debug */ = {
			isa = XCBuildConfiguration;
			buildSettings = {
				ASSETCATALOG_COMPILER_APPICON_NAME = AppIcon;
				ASSETCATALOG_COMPILER_LAUNCHIMAGE_NAME = LaunchImage;
				GCC_PRECOMPILE_PREFIX_HEADER = YES;
				GCC_PREFIX_HEADER = "Gist/Gist-Prefix.pch";
				INFOPLIST_FILE = "Gist/Gist-Info.plist";
				PRODUCT_NAME = "$(TARGET_NAME)";
				WRAPPER_EXTENSION = app;
			};
			name = Debug;
		};
		1906CFC818AF015000A52A4E /* Release */ = {
			isa = XCBuildConfiguration;
			buildSettings = {
				ASSETCATALOG_COMPILER_APPICON_NAME = AppIcon;
				ASSETCATALOG_COMPILER_LAUNCHIMAGE_NAME = LaunchImage;
				GCC_PRECOMPILE_PREFIX_HEADER = YES;
				GCC_PREFIX_HEADER = "Gist/Gist-Prefix.pch";
				INFOPLIST_FILE = "Gist/Gist-Info.plist";
				PRODUCT_NAME = "$(TARGET_NAME)";
				WRAPPER_EXTENSION = app;
			};
			name = Release;
		};
		1906CFCA18AF015000A52A4E /* Debug */ = {
			isa = XCBuildConfiguration;
			buildSettings = {
				ARCHS = "$(ARCHS_STANDARD_INCLUDING_64_BIT)";
				BUNDLE_LOADER = "$(BUILT_PRODUCTS_DIR)/Gist.app/Gist";
				FRAMEWORK_SEARCH_PATHS = (
					"$(SDKROOT)/Developer/Library/Frameworks",
					"$(inherited)",
					"$(DEVELOPER_FRAMEWORKS_DIR)",
				);
				GCC_PRECOMPILE_PREFIX_HEADER = YES;
				GCC_PREFIX_HEADER = "Gist/Gist-Prefix.pch";
				GCC_PREPROCESSOR_DEFINITIONS = (
					"DEBUG=1",
					"$(inherited)",
				);
				INFOPLIST_FILE = "GistTests/GistTests-Info.plist";
				PRODUCT_NAME = "$(TARGET_NAME)";
				TEST_HOST = "$(BUNDLE_LOADER)";
				WRAPPER_EXTENSION = xctest;
			};
			name = Debug;
		};
		1906CFCB18AF015000A52A4E /* Release */ = {
			isa = XCBuildConfiguration;
			buildSettings = {
				ARCHS = "$(ARCHS_STANDARD_INCLUDING_64_BIT)";
				BUNDLE_LOADER = "$(BUILT_PRODUCTS_DIR)/Gist.app/Gist";
				FRAMEWORK_SEARCH_PATHS = (
					"$(SDKROOT)/Developer/Library/Frameworks",
					"$(inherited)",
					"$(DEVELOPER_FRAMEWORKS_DIR)",
				);
				GCC_PRECOMPILE_PREFIX_HEADER = YES;
				GCC_PREFIX_HEADER = "Gist/Gist-Prefix.pch";
				INFOPLIST_FILE = "GistTests/GistTests-Info.plist";
				PRODUCT_NAME = "$(TARGET_NAME)";
				TEST_HOST = "$(BUNDLE_LOADER)";
				WRAPPER_EXTENSION = xctest;
			};
			name = Release;
		};
/* End XCBuildConfiguration section */

/* Begin XCConfigurationList section */
		1906CF8C18AF015000A52A4E /* Build configuration list for PBXProject "Gist" */ = {
			isa = XCConfigurationList;
			buildConfigurations = (
				1906CFC418AF015000A52A4E /* Debug */,
				1906CFC518AF015000A52A4E /* Release */,
			);
			defaultConfigurationIsVisible = 0;
			defaultConfigurationName = Release;
		};
		1906CFC618AF015000A52A4E /* Build configuration list for PBXNativeTarget "Gist" */ = {
			isa = XCConfigurationList;
			buildConfigurations = (
				1906CFC718AF015000A52A4E /* Debug */,
				1906CFC818AF015000A52A4E /* Release */,
			);
			defaultConfigurationIsVisible = 0;
			defaultConfigurationName = Release;
		};
		1906CFC918AF015000A52A4E /* Build configuration list for PBXNativeTarget "GistTests" */ = {
			isa = XCConfigurationList;
			buildConfigurations = (
				1906CFCA18AF015000A52A4E /* Debug */,
				1906CFCB18AF015000A52A4E /* Release */,
			);
			defaultConfigurationIsVisible = 0;
			defaultConfigurationName = Release;
		};
/* End XCConfigurationList section */
	};
	rootObject = 1906CF8918AF015000A52A4E /* Project object */;
}
