// !$*UTF8*$!
{
	archiveVersion = 1;
	classes = {
	};
	objectVersion = 46;
	objects = {

/* Begin PBXBuildFile section */
		19008E6A18B0275100050939 /* FriendsViewController.m in Sources */ = {isa = PBXBuildFile; fileRef = 19008E6918B0275100050939 /* FriendsViewController.m */; };
		19008E6D18B028AC00050939 /* FriendCell.m in Sources */ = {isa = PBXBuildFile; fileRef = 19008E6C18B028AC00050939 /* FriendCell.m */; };
		1906CF9518AF015000A52A4E /* Foundation.framework in Frameworks */ = {isa = PBXBuildFile; fileRef = 1906CF9418AF015000A52A4E /* Foundation.framework */; };
		1906CF9718AF015000A52A4E /* CoreGraphics.framework in Frameworks */ = {isa = PBXBuildFile; fileRef = 1906CF9618AF015000A52A4E /* CoreGraphics.framework */; };
		1906CF9918AF015000A52A4E /* UIKit.framework in Frameworks */ = {isa = PBXBuildFile; fileRef = 1906CF9818AF015000A52A4E /* UIKit.framework */; };
		1906CF9F18AF015000A52A4E /* InfoPlist.strings in Resources */ = {isa = PBXBuildFile; fileRef = 1906CF9D18AF015000A52A4E /* InfoPlist.strings */; };
		1906CFA118AF015000A52A4E /* main.m in Sources */ = {isa = PBXBuildFile; fileRef = 1906CFA018AF015000A52A4E /* main.m */; };
		1906CFA518AF015000A52A4E /* sbAppDelegate.m in Sources */ = {isa = PBXBuildFile; fileRef = 1906CFA418AF015000A52A4E /* sbAppDelegate.m */; };
		1906CFA818AF015000A52A4E /* Main.storyboard in Resources */ = {isa = PBXBuildFile; fileRef = 1906CFA618AF015000A52A4E /* Main.storyboard */; };
		1906CFB018AF015000A52A4E /* Images.xcassets in Resources */ = {isa = PBXBuildFile; fileRef = 1906CFAF18AF015000A52A4E /* Images.xcassets */; };
		1906CFB718AF015000A52A4E /* XCTest.framework in Frameworks */ = {isa = PBXBuildFile; fileRef = 1906CFB618AF015000A52A4E /* XCTest.framework */; };
		1906CFB818AF015000A52A4E /* Foundation.framework in Frameworks */ = {isa = PBXBuildFile; fileRef = 1906CF9418AF015000A52A4E /* Foundation.framework */; };
		1906CFB918AF015000A52A4E /* UIKit.framework in Frameworks */ = {isa = PBXBuildFile; fileRef = 1906CF9818AF015000A52A4E /* UIKit.framework */; };
		1906CFC118AF015000A52A4E /* InfoPlist.strings in Resources */ = {isa = PBXBuildFile; fileRef = 1906CFBF18AF015000A52A4E /* InfoPlist.strings */; };
		1906CFC318AF015000A52A4E /* GistTests.m in Sources */ = {isa = PBXBuildFile; fileRef = 1906CFC218AF015000A52A4E /* GistTests.m */; };
		197998AE18AF02E500BAB13B /* sbMainViewController.m in Sources */ = {isa = PBXBuildFile; fileRef = 197998AD18AF02E500BAB13B /* sbMainViewController.m */; };
		197998C918AF04F200BAB13B /* Parse.framework in Frameworks */ = {isa = PBXBuildFile; fileRef = 197998C818AF04F200BAB13B /* Parse.framework */; };
		197998D118AF0A6700BAB13B /* GistParseStorage.m in Sources */ = {isa = PBXBuildFile; fileRef = 197998D018AF0A6700BAB13B /* GistParseStorage.m */; };
		1983E47818AFCC36006F5FB5 /* sbTaskCell.m in Sources */ = {isa = PBXBuildFile; fileRef = 1983E47718AFCC36006F5FB5 /* sbTaskCell.m */; };
		1983E47A18AFCFB9006F5FB5 /* AudioToolbox.framework in Frameworks */ = {isa = PBXBuildFile; fileRef = 1983E47918AFCFB9006F5FB5 /* AudioToolbox.framework */; };
		1983E47C18AFCFC4006F5FB5 /* CFNetwork.framework in Frameworks */ = {isa = PBXBuildFile; fileRef = 1983E47B18AFCFC4006F5FB5 /* CFNetwork.framework */; };
		1983E47E18AFCFD2006F5FB5 /* CoreLocation.framework in Frameworks */ = {isa = PBXBuildFile; fileRef = 1983E47D18AFCFD2006F5FB5 /* CoreLocation.framework */; };
		1983E48018AFCFDD006F5FB5 /* libz.dylib in Frameworks */ = {isa = PBXBuildFile; fileRef = 1983E47F18AFCFDC006F5FB5 /* libz.dylib */; };
		1983E48218AFCFF2006F5FB5 /* QuartzCore.framework in Frameworks */ = {isa = PBXBuildFile; fileRef = 1983E48118AFCFF2006F5FB5 /* QuartzCore.framework */; };
		1983E48418AFCFF8006F5FB5 /* MobileCoreServices.framework in Frameworks */ = {isa = PBXBuildFile; fileRef = 1983E48318AFCFF8006F5FB5 /* MobileCoreServices.framework */; };
		1983E48618AFD001006F5FB5 /* Security.framework in Frameworks */ = {isa = PBXBuildFile; fileRef = 1983E48518AFD001006F5FB5 /* Security.framework */; };
		1983E48818AFD007006F5FB5 /* StoreKit.framework in Frameworks */ = {isa = PBXBuildFile; fileRef = 1983E48718AFD007006F5FB5 /* StoreKit.framework */; };
		1983E48A18AFD00E006F5FB5 /* SystemConfiguration.framework in Frameworks */ = {isa = PBXBuildFile; fileRef = 1983E48918AFD00E006F5FB5 /* SystemConfiguration.framework */; };
		1983E48E18AFE210006F5FB5 /* sbCreateViewController.m in Sources */ = {isa = PBXBuildFile; fileRef = 1983E48D18AFE210006F5FB5 /* sbCreateViewController.m */; };
		19C0598218B097AA00E8FAA8 /* sbOpenViewController.m in Sources */ = {isa = PBXBuildFile; fileRef = 19C0598118B097AA00E8FAA8 /* sbOpenViewController.m */; };
		8BB4DBF518B060AE0067DF3C /* cancel.png in Resources */ = {isa = PBXBuildFile; fileRef = 8BB4DBE718B060AE0067DF3C /* cancel.png */; };
		8BB4DC0418B0614C0067DF3C /* login_bg.png in Resources */ = {isa = PBXBuildFile; fileRef = 8BB4DC0318B0614C0067DF3C /* login_bg.png */; };
		8BB4DC0718B061570067DF3C /* login_button.png in Resources */ = {isa = PBXBuildFile; fileRef = 8BB4DC0518B061570067DF3C /* login_button.png */; };
		8BB4DC0818B061570067DF3C /* signup_button.png in Resources */ = {isa = PBXBuildFile; fileRef = 8BB4DC0618B061570067DF3C /* signup_button.png */; };
		8BB4DC0F18B06ECA0067DF3C /* sent_small.png in Resources */ = {isa = PBXBuildFile; fileRef = 8BB4DC0918B06ECA0067DF3C /* sent_small.png */; };
		8BB4DC1018B06ECA0067DF3C /* profile_small.png in Resources */ = {isa = PBXBuildFile; fileRef = 8BB4DC0A18B06ECA0067DF3C /* profile_small.png */; };
		8BB4DC1118B06ECA0067DF3C /* new_small.png in Resources */ = {isa = PBXBuildFile; fileRef = 8BB4DC0B18B06ECA0067DF3C /* new_small.png */; };
		8BB4DC1218B06ECA0067DF3C /* my_gist_small.png in Resources */ = {isa = PBXBuildFile; fileRef = 8BB4DC0C18B06ECA0067DF3C /* my_gist_small.png */; };
		8BB4DC1318B06ECA0067DF3C /* menu_small.png in Resources */ = {isa = PBXBuildFile; fileRef = 8BB4DC0D18B06ECA0067DF3C /* menu_small.png */; };
		8BB4DC1418B06ECA0067DF3C /* contacts_small.png in Resources */ = {isa = PBXBuildFile; fileRef = 8BB4DC0E18B06ECA0067DF3C /* contacts_small.png */; };
		8BB4DC1B18B06EE70067DF3C /* contacts.png in Resources */ = {isa = PBXBuildFile; fileRef = 8BB4DC1518B06EE70067DF3C /* contacts.png */; };
		8BB4DC1C18B06EE70067DF3C /* menu.png in Resources */ = {isa = PBXBuildFile; fileRef = 8BB4DC1618B06EE70067DF3C /* menu.png */; };
		8BB4DC1D18B06EE70067DF3C /* my_gist.png in Resources */ = {isa = PBXBuildFile; fileRef = 8BB4DC1718B06EE70067DF3C /* my_gist.png */; };
		8BB4DC1E18B06EE70067DF3C /* new.png in Resources */ = {isa = PBXBuildFile; fileRef = 8BB4DC1818B06EE70067DF3C /* new.png */; };
		8BB4DC1F18B06EE70067DF3C /* profile.png in Resources */ = {isa = PBXBuildFile; fileRef = 8BB4DC1918B06EE70067DF3C /* profile.png */; };
		8BB4DC2018B06EE70067DF3C /* sent.png in Resources */ = {isa = PBXBuildFile; fileRef = 8BB4DC1A18B06EE70067DF3C /* sent.png */; };
		8BB4DC2418B071040067DF3C /* unread_small.png in Resources */ = {isa = PBXBuildFile; fileRef = 8BB4DC2118B071040067DF3C /* unread_small.png */; };
		8BB4DC2518B071040067DF3C /* unread.png in Resources */ = {isa = PBXBuildFile; fileRef = 8BB4DC2218B071040067DF3C /* unread.png */; };
		8BB4DC2818B071D00067DF3C /* my_gist_title.png in Resources */ = {isa = PBXBuildFile; fileRef = 8BB4DC2718B071D00067DF3C /* my_gist_title.png */; };
		8BF1727618B093B8005211CC /* 29pt_logo.png in Resources */ = {isa = PBXBuildFile; fileRef = 8BF1727018B093B8005211CC /* 29pt_logo.png */; };
		8BF1727718B093B8005211CC /* 40pt_logo.png in Resources */ = {isa = PBXBuildFile; fileRef = 8BF1727118B093B8005211CC /* 40pt_logo.png */; };
		8BF1727818B093B8005211CC /* 58pt_logo.png in Resources */ = {isa = PBXBuildFile; fileRef = 8BF1727218B093B8005211CC /* 58pt_logo.png */; };
		8BF1727918B093B8005211CC /* 60pt_logo.png in Resources */ = {isa = PBXBuildFile; fileRef = 8BF1727318B093B8005211CC /* 60pt_logo.png */; };
		8BF1727A18B093B8005211CC /* 80pt_logo.png in Resources */ = {isa = PBXBuildFile; fileRef = 8BF1727418B093B8005211CC /* 80pt_logo.png */; };
		8BF1727B18B093B8005211CC /* 120pt_logo.png in Resources */ = {isa = PBXBuildFile; fileRef = 8BF1727518B093B8005211CC /* 120pt_logo.png */; };
/* End PBXBuildFile section */

/* Begin PBXContainerItemProxy section */
		1906CFBA18AF015000A52A4E /* PBXContainerItemProxy */ = {
			isa = PBXContainerItemProxy;
			containerPortal = 1906CF8918AF015000A52A4E /* Project object */;
			proxyType = 1;
			remoteGlobalIDString = 1906CF9018AF015000A52A4E;
			remoteInfo = Gist;
		};
/* End PBXContainerItemProxy section */

/* Begin PBXFileReference section */
		19008E6818B0275100050939 /* FriendsViewController.h */ = {isa = PBXFileReference; fileEncoding = 4; lastKnownFileType = sourcecode.c.h; path = FriendsViewController.h; sourceTree = "<group>"; };
		19008E6918B0275100050939 /* FriendsViewController.m */ = {isa = PBXFileReference; fileEncoding = 4; lastKnownFileType = sourcecode.c.objc; path = FriendsViewController.m; sourceTree = "<group>"; };
		19008E6B18B028AC00050939 /* FriendCell.h */ = {isa = PBXFileReference; fileEncoding = 4; lastKnownFileType = sourcecode.c.h; path = FriendCell.h; sourceTree = "<group>"; };
		19008E6C18B028AC00050939 /* FriendCell.m */ = {isa = PBXFileReference; fileEncoding = 4; lastKnownFileType = sourcecode.c.objc; path = FriendCell.m; sourceTree = "<group>"; };
		1906CF9118AF015000A52A4E /* Gist.app */ = {isa = PBXFileReference; explicitFileType = wrapper.application; includeInIndex = 0; path = Gist.app; sourceTree = BUILT_PRODUCTS_DIR; };
		1906CF9418AF015000A52A4E /* Foundation.framework */ = {isa = PBXFileReference; lastKnownFileType = wrapper.framework; name = Foundation.framework; path = System/Library/Frameworks/Foundation.framework; sourceTree = SDKROOT; };
		1906CF9618AF015000A52A4E /* CoreGraphics.framework */ = {isa = PBXFileReference; lastKnownFileType = wrapper.framework; name = CoreGraphics.framework; path = System/Library/Frameworks/CoreGraphics.framework; sourceTree = SDKROOT; };
		1906CF9818AF015000A52A4E /* UIKit.framework */ = {isa = PBXFileReference; lastKnownFileType = wrapper.framework; name = UIKit.framework; path = System/Library/Frameworks/UIKit.framework; sourceTree = SDKROOT; };
		1906CF9C18AF015000A52A4E /* Gist-Info.plist */ = {isa = PBXFileReference; lastKnownFileType = text.plist.xml; path = "Gist-Info.plist"; sourceTree = "<group>"; };
		1906CF9E18AF015000A52A4E /* en */ = {isa = PBXFileReference; lastKnownFileType = text.plist.strings; name = en; path = en.lproj/InfoPlist.strings; sourceTree = "<group>"; };
		1906CFA018AF015000A52A4E /* main.m */ = {isa = PBXFileReference; lastKnownFileType = sourcecode.c.objc; path = main.m; sourceTree = "<group>"; };
		1906CFA218AF015000A52A4E /* Gist-Prefix.pch */ = {isa = PBXFileReference; lastKnownFileType = sourcecode.c.h; path = "Gist-Prefix.pch"; sourceTree = "<group>"; };
		1906CFA318AF015000A52A4E /* sbAppDelegate.h */ = {isa = PBXFileReference; lastKnownFileType = sourcecode.c.h; path = sbAppDelegate.h; sourceTree = "<group>"; };
		1906CFA418AF015000A52A4E /* sbAppDelegate.m */ = {isa = PBXFileReference; lastKnownFileType = sourcecode.c.objc; path = sbAppDelegate.m; sourceTree = "<group>"; };
		1906CFA718AF015000A52A4E /* Base */ = {isa = PBXFileReference; lastKnownFileType = file.storyboard; name = Base; path = Base.lproj/Main.storyboard; sourceTree = "<group>"; };
		1906CFAF18AF015000A52A4E /* Images.xcassets */ = {isa = PBXFileReference; lastKnownFileType = folder.assetcatalog; path = Images.xcassets; sourceTree = "<group>"; };
		1906CFB518AF015000A52A4E /* GistTests.xctest */ = {isa = PBXFileReference; explicitFileType = wrapper.cfbundle; includeInIndex = 0; path = GistTests.xctest; sourceTree = BUILT_PRODUCTS_DIR; };
		1906CFB618AF015000A52A4E /* XCTest.framework */ = {isa = PBXFileReference; lastKnownFileType = wrapper.framework; name = XCTest.framework; path = Library/Frameworks/XCTest.framework; sourceTree = DEVELOPER_DIR; };
		1906CFBE18AF015000A52A4E /* GistTests-Info.plist */ = {isa = PBXFileReference; lastKnownFileType = text.plist.xml; path = "GistTests-Info.plist"; sourceTree = "<group>"; };
		1906CFC018AF015000A52A4E /* en */ = {isa = PBXFileReference; lastKnownFileType = text.plist.strings; name = en; path = en.lproj/InfoPlist.strings; sourceTree = "<group>"; };
		1906CFC218AF015000A52A4E /* GistTests.m */ = {isa = PBXFileReference; lastKnownFileType = sourcecode.c.objc; path = GistTests.m; sourceTree = "<group>"; };
		197998AC18AF02E500BAB13B /* sbMainViewController.h */ = {isa = PBXFileReference; fileEncoding = 4; lastKnownFileType = sourcecode.c.h; path = sbMainViewController.h; sourceTree = "<group>"; };
		197998AD18AF02E500BAB13B /* sbMainViewController.m */ = {isa = PBXFileReference; fileEncoding = 4; lastKnownFileType = sourcecode.c.objc; path = sbMainViewController.m; sourceTree = "<group>"; };
		197998C818AF04F200BAB13B /* Parse.framework */ = {isa = PBXFileReference; lastKnownFileType = wrapper.framework; path = Parse.framework; sourceTree = "<group>"; };
		197998CF18AF0A6700BAB13B /* GistParseStorage.h */ = {isa = PBXFileReference; fileEncoding = 4; lastKnownFileType = sourcecode.c.h; path = GistParseStorage.h; sourceTree = "<group>"; };
		197998D018AF0A6700BAB13B /* GistParseStorage.m */ = {isa = PBXFileReference; fileEncoding = 4; lastKnownFileType = sourcecode.c.objc; path = GistParseStorage.m; sourceTree = "<group>"; };
		1983E47618AFCC36006F5FB5 /* sbTaskCell.h */ = {isa = PBXFileReference; fileEncoding = 4; lastKnownFileType = sourcecode.c.h; name = sbTaskCell.h; path = ../../gist/Gist/sbTaskCell.h; sourceTree = "<group>"; };
		1983E47718AFCC36006F5FB5 /* sbTaskCell.m */ = {isa = PBXFileReference; fileEncoding = 4; lastKnownFileType = sourcecode.c.objc; name = sbTaskCell.m; path = ../../gist/Gist/sbTaskCell.m; sourceTree = "<group>"; };
		1983E47918AFCFB9006F5FB5 /* AudioToolbox.framework */ = {isa = PBXFileReference; lastKnownFileType = wrapper.framework; name = AudioToolbox.framework; path = System/Library/Frameworks/AudioToolbox.framework; sourceTree = SDKROOT; };
		1983E47B18AFCFC4006F5FB5 /* CFNetwork.framework */ = {isa = PBXFileReference; lastKnownFileType = wrapper.framework; name = CFNetwork.framework; path = System/Library/Frameworks/CFNetwork.framework; sourceTree = SDKROOT; };
		1983E47D18AFCFD2006F5FB5 /* CoreLocation.framework */ = {isa = PBXFileReference; lastKnownFileType = wrapper.framework; name = CoreLocation.framework; path = System/Library/Frameworks/CoreLocation.framework; sourceTree = SDKROOT; };
		1983E47F18AFCFDC006F5FB5 /* libz.dylib */ = {isa = PBXFileReference; lastKnownFileType = "compiled.mach-o.dylib"; name = libz.dylib; path = usr/lib/libz.dylib; sourceTree = SDKROOT; };
		1983E48118AFCFF2006F5FB5 /* QuartzCore.framework */ = {isa = PBXFileReference; lastKnownFileType = wrapper.framework; name = QuartzCore.framework; path = System/Library/Frameworks/QuartzCore.framework; sourceTree = SDKROOT; };
		1983E48318AFCFF8006F5FB5 /* MobileCoreServices.framework */ = {isa = PBXFileReference; lastKnownFileType = wrapper.framework; name = MobileCoreServices.framework; path = System/Library/Frameworks/MobileCoreServices.framework; sourceTree = SDKROOT; };
		1983E48518AFD001006F5FB5 /* Security.framework */ = {isa = PBXFileReference; lastKnownFileType = wrapper.framework; name = Security.framework; path = System/Library/Frameworks/Security.framework; sourceTree = SDKROOT; };
		1983E48718AFD007006F5FB5 /* StoreKit.framework */ = {isa = PBXFileReference; lastKnownFileType = wrapper.framework; name = StoreKit.framework; path = System/Library/Frameworks/StoreKit.framework; sourceTree = SDKROOT; };
		1983E48918AFD00E006F5FB5 /* SystemConfiguration.framework */ = {isa = PBXFileReference; lastKnownFileType = wrapper.framework; name = SystemConfiguration.framework; path = System/Library/Frameworks/SystemConfiguration.framework; sourceTree = SDKROOT; };
		1983E48C18AFE210006F5FB5 /* sbCreateViewController.h */ = {isa = PBXFileReference; fileEncoding = 4; lastKnownFileType = sourcecode.c.h; name = sbCreateViewController.h; path = ../../gist/Gist/sbCreateViewController.h; sourceTree = "<group>"; };
		1983E48D18AFE210006F5FB5 /* sbCreateViewController.m */ = {isa = PBXFileReference; fileEncoding = 4; lastKnownFileType = sourcecode.c.objc; name = sbCreateViewController.m; path = ../../gist/Gist/sbCreateViewController.m; sourceTree = "<group>"; };
		19C0598018B097AA00E8FAA8 /* sbOpenViewController.h */ = {isa = PBXFileReference; fileEncoding = 4; lastKnownFileType = sourcecode.c.h; path = sbOpenViewController.h; sourceTree = "<group>"; };
		19C0598118B097AA00E8FAA8 /* sbOpenViewController.m */ = {isa = PBXFileReference; fileEncoding = 4; lastKnownFileType = sourcecode.c.objc; path = sbOpenViewController.m; sourceTree = "<group>"; };
		8BB4DBE718B060AE0067DF3C /* cancel.png */ = {isa = PBXFileReference; lastKnownFileType = image.png; name = cancel.png; path = Icons/cancel.png; sourceTree = "<group>"; };
		8BB4DC0318B0614C0067DF3C /* login_bg.png */ = {isa = PBXFileReference; lastKnownFileType = image.png; path = login_bg.png; sourceTree = "<group>"; };
		8BB4DC0518B061570067DF3C /* login_button.png */ = {isa = PBXFileReference; lastKnownFileType = image.png; path = login_button.png; sourceTree = "<group>"; };
		8BB4DC0618B061570067DF3C /* signup_button.png */ = {isa = PBXFileReference; lastKnownFileType = image.png; path = signup_button.png; sourceTree = "<group>"; };
		8BB4DC0918B06ECA0067DF3C /* sent_small.png */ = {isa = PBXFileReference; lastKnownFileType = image.png; name = sent_small.png; path = Icons/sent_small.png; sourceTree = "<group>"; };
		8BB4DC0A18B06ECA0067DF3C /* profile_small.png */ = {isa = PBXFileReference; lastKnownFileType = image.png; name = profile_small.png; path = Icons/profile_small.png; sourceTree = "<group>"; };
		8BB4DC0B18B06ECA0067DF3C /* new_small.png */ = {isa = PBXFileReference; lastKnownFileType = image.png; name = new_small.png; path = Icons/new_small.png; sourceTree = "<group>"; };
		8BB4DC0C18B06ECA0067DF3C /* my_gist_small.png */ = {isa = PBXFileReference; lastKnownFileType = image.png; name = my_gist_small.png; path = Icons/my_gist_small.png; sourceTree = "<group>"; };
		8BB4DC0D18B06ECA0067DF3C /* menu_small.png */ = {isa = PBXFileReference; lastKnownFileType = image.png; name = menu_small.png; path = Icons/menu_small.png; sourceTree = "<group>"; };
		8BB4DC0E18B06ECA0067DF3C /* contacts_small.png */ = {isa = PBXFileReference; lastKnownFileType = image.png; name = contacts_small.png; path = Icons/contacts_small.png; sourceTree = "<group>"; };
		8BB4DC1518B06EE70067DF3C /* contacts.png */ = {isa = PBXFileReference; lastKnownFileType = image.png; name = contacts.png; path = Icons/contacts.png; sourceTree = "<group>"; };
		8BB4DC1618B06EE70067DF3C /* menu.png */ = {isa = PBXFileReference; lastKnownFileType = image.png; name = menu.png; path = Icons/menu.png; sourceTree = "<group>"; };
		8BB4DC1718B06EE70067DF3C /* my_gist.png */ = {isa = PBXFileReference; lastKnownFileType = image.png; name = my_gist.png; path = Icons/my_gist.png; sourceTree = "<group>"; };
		8BB4DC1818B06EE70067DF3C /* new.png */ = {isa = PBXFileReference; lastKnownFileType = image.png; name = new.png; path = Icons/new.png; sourceTree = "<group>"; };
		8BB4DC1918B06EE70067DF3C /* profile.png */ = {isa = PBXFileReference; lastKnownFileType = image.png; name = profile.png; path = Icons/profile.png; sourceTree = "<group>"; };
		8BB4DC1A18B06EE70067DF3C /* sent.png */ = {isa = PBXFileReference; lastKnownFileType = image.png; name = sent.png; path = Icons/sent.png; sourceTree = "<group>"; };
		8BB4DC2118B071040067DF3C /* unread_small.png */ = {isa = PBXFileReference; lastKnownFileType = image.png; name = unread_small.png; path = Icons/unread_small.png; sourceTree = "<group>"; };
		8BB4DC2218B071040067DF3C /* unread.png */ = {isa = PBXFileReference; lastKnownFileType = image.png; name = unread.png; path = Icons/unread.png; sourceTree = "<group>"; };
		8BB4DC2718B071D00067DF3C /* my_gist_title.png */ = {isa = PBXFileReference; lastKnownFileType = image.png; path = my_gist_title.png; sourceTree = "<group>"; };
		8BF1727018B093B8005211CC /* 29pt_logo.png */ = {isa = PBXFileReference; lastKnownFileType = image.png; path = 29pt_logo.png; sourceTree = "<group>"; };
		8BF1727118B093B8005211CC /* 40pt_logo.png */ = {isa = PBXFileReference; lastKnownFileType = image.png; path = 40pt_logo.png; sourceTree = "<group>"; };
		8BF1727218B093B8005211CC /* 58pt_logo.png */ = {isa = PBXFileReference; lastKnownFileType = image.png; path = 58pt_logo.png; sourceTree = "<group>"; };
		8BF1727318B093B8005211CC /* 60pt_logo.png */ = {isa = PBXFileReference; lastKnownFileType = image.png; path = 60pt_logo.png; sourceTree = "<group>"; };
		8BF1727418B093B8005211CC /* 80pt_logo.png */ = {isa = PBXFileReference; lastKnownFileType = image.png; path = 80pt_logo.png; sourceTree = "<group>"; };
		8BF1727518B093B8005211CC /* 120pt_logo.png */ = {isa = PBXFileReference; lastKnownFileType = image.png; path = 120pt_logo.png; sourceTree = "<group>"; };
/* End PBXFileReference section */

/* Begin PBXFrameworksBuildPhase section */
		1906CF8E18AF015000A52A4E /* Frameworks */ = {
			isa = PBXFrameworksBuildPhase;
			buildActionMask = 2147483647;
			files = (
				1983E48A18AFD00E006F5FB5 /* SystemConfiguration.framework in Frameworks */,
				1983E48818AFD007006F5FB5 /* StoreKit.framework in Frameworks */,
				1983E48618AFD001006F5FB5 /* Security.framework in Frameworks */,
				1983E48418AFCFF8006F5FB5 /* MobileCoreServices.framework in Frameworks */,
				1983E48218AFCFF2006F5FB5 /* QuartzCore.framework in Frameworks */,
				1983E48018AFCFDD006F5FB5 /* libz.dylib in Frameworks */,
				1983E47E18AFCFD2006F5FB5 /* CoreLocation.framework in Frameworks */,
				1906CF9718AF015000A52A4E /* CoreGraphics.framework in Frameworks */,
				1983E47C18AFCFC4006F5FB5 /* CFNetwork.framework in Frameworks */,
				1983E47A18AFCFB9006F5FB5 /* AudioToolbox.framework in Frameworks */,
				197998C918AF04F200BAB13B /* Parse.framework in Frameworks */,
				1906CF9918AF015000A52A4E /* UIKit.framework in Frameworks */,
				1906CF9518AF015000A52A4E /* Foundation.framework in Frameworks */,
			);
			runOnlyForDeploymentPostprocessing = 0;
		};
		1906CFB218AF015000A52A4E /* Frameworks */ = {
			isa = PBXFrameworksBuildPhase;
			buildActionMask = 2147483647;
			files = (
				1906CFB718AF015000A52A4E /* XCTest.framework in Frameworks */,
				1906CFB918AF015000A52A4E /* UIKit.framework in Frameworks */,
				1906CFB818AF015000A52A4E /* Foundation.framework in Frameworks */,
			);
			runOnlyForDeploymentPostprocessing = 0;
		};
/* End PBXFrameworksBuildPhase section */

/* Begin PBXGroup section */
		1906CF8818AF015000A52A4E = {
			isa = PBXGroup;
			children = (
				197998B518AF042500BAB13B /* Images */,
				1906CF9A18AF015000A52A4E /* Gist */,
				1906CFBC18AF015000A52A4E /* GistTests */,
				1906CF9318AF015000A52A4E /* Frameworks */,
				1906CF9218AF015000A52A4E /* Products */,
			);
			sourceTree = "<group>";
		};
		1906CF9218AF015000A52A4E /* Products */ = {
			isa = PBXGroup;
			children = (
				1906CF9118AF015000A52A4E /* Gist.app */,
				1906CFB518AF015000A52A4E /* GistTests.xctest */,
			);
			name = Products;
			sourceTree = "<group>";
		};
		1906CF9318AF015000A52A4E /* Frameworks */ = {
			isa = PBXGroup;
			children = (
				1983E48918AFD00E006F5FB5 /* SystemConfiguration.framework */,
				1983E48718AFD007006F5FB5 /* StoreKit.framework */,
				1983E48518AFD001006F5FB5 /* Security.framework */,
				1983E48318AFCFF8006F5FB5 /* MobileCoreServices.framework */,
				1983E48118AFCFF2006F5FB5 /* QuartzCore.framework */,
				1983E47F18AFCFDC006F5FB5 /* libz.dylib */,
				1983E47D18AFCFD2006F5FB5 /* CoreLocation.framework */,
				1983E47B18AFCFC4006F5FB5 /* CFNetwork.framework */,
				1983E47918AFCFB9006F5FB5 /* AudioToolbox.framework */,
				197998C818AF04F200BAB13B /* Parse.framework */,
				1906CF9418AF015000A52A4E /* Foundation.framework */,
				1906CF9618AF015000A52A4E /* CoreGraphics.framework */,
				1906CF9818AF015000A52A4E /* UIKit.framework */,
				1906CFB618AF015000A52A4E /* XCTest.framework */,
			);
			name = Frameworks;
			sourceTree = "<group>";
		};
		1906CF9A18AF015000A52A4E /* Gist */ = {
			isa = PBXGroup;
			children = (
				19C0597F18B0978B00E8FAA8 /* Open View */,
				1983E48B18AFE1FA006F5FB5 /* Create View */,
				197998CE18AF09E600BAB13B /* Components */,
				197998CD18AF09D600BAB13B /* Main View */,
				1906CFA618AF015000A52A4E /* Main.storyboard */,
				1906CFAF18AF015000A52A4E /* Images.xcassets */,
				1906CF9B18AF015000A52A4E /* Supporting Files */,
			);
			path = Gist;
			sourceTree = "<group>";
		};
		1906CF9B18AF015000A52A4E /* Supporting Files */ = {
			isa = PBXGroup;
			children = (
				1906CF9C18AF015000A52A4E /* Gist-Info.plist */,
				1906CF9D18AF015000A52A4E /* InfoPlist.strings */,
				1906CFA018AF015000A52A4E /* main.m */,
				1906CFA218AF015000A52A4E /* Gist-Prefix.pch */,
			);
			name = "Supporting Files";
			sourceTree = "<group>";
		};
		1906CFBC18AF015000A52A4E /* GistTests */ = {
			isa = PBXGroup;
			children = (
				1906CFC218AF015000A52A4E /* GistTests.m */,
				1906CFBD18AF015000A52A4E /* Supporting Files */,
			);
			path = GistTests;
			sourceTree = "<group>";
		};
		1906CFBD18AF015000A52A4E /* Supporting Files */ = {
			isa = PBXGroup;
			children = (
				1906CFBE18AF015000A52A4E /* GistTests-Info.plist */,
				1906CFBF18AF015000A52A4E /* InfoPlist.strings */,
			);
			name = "Supporting Files";
			sourceTree = "<group>";
		};
		197998B518AF042500BAB13B /* Images */ = {
			isa = PBXGroup;
			children = (
				8BF1727018B093B8005211CC /* 29pt_logo.png */,
				8BF1727118B093B8005211CC /* 40pt_logo.png */,
				8BF1727218B093B8005211CC /* 58pt_logo.png */,
				8BF1727318B093B8005211CC /* 60pt_logo.png */,
				8BF1727418B093B8005211CC /* 80pt_logo.png */,
				8BF1727518B093B8005211CC /* 120pt_logo.png */,
				8BB4DC2718B071D00067DF3C /* my_gist_title.png */,
				8BB4DC2118B071040067DF3C /* unread_small.png */,
				8BB4DC2218B071040067DF3C /* unread.png */,
				8BB4DC1518B06EE70067DF3C /* contacts.png */,
				8BB4DC1618B06EE70067DF3C /* menu.png */,
				8BB4DC1718B06EE70067DF3C /* my_gist.png */,
				8BB4DC1818B06EE70067DF3C /* new.png */,
				8BB4DC1918B06EE70067DF3C /* profile.png */,
				8BB4DC1A18B06EE70067DF3C /* sent.png */,
				8BB4DC0918B06ECA0067DF3C /* sent_small.png */,
				8BB4DC0A18B06ECA0067DF3C /* profile_small.png */,
				8BB4DC0B18B06ECA0067DF3C /* new_small.png */,
				8BB4DC0C18B06ECA0067DF3C /* my_gist_small.png */,
				8BB4DC0D18B06ECA0067DF3C /* menu_small.png */,
				8BB4DC0E18B06ECA0067DF3C /* contacts_small.png */,
				8BB4DC0518B061570067DF3C /* login_button.png */,
				8BB4DC0618B061570067DF3C /* signup_button.png */,
				8BB4DC0318B0614C0067DF3C /* login_bg.png */,
				8BB4DBE718B060AE0067DF3C /* cancel.png */,
			);
			path = Images;
			sourceTree = "<group>";
		};
		197998CD18AF09D600BAB13B /* Main View */ = {
			isa = PBXGroup;
			children = (
				197998AC18AF02E500BAB13B /* sbMainViewController.h */,
				197998AD18AF02E500BAB13B /* sbMainViewController.m */,
				1983E47618AFCC36006F5FB5 /* sbTaskCell.h */,
				1983E47718AFCC36006F5FB5 /* sbTaskCell.m */,
			);
			name = "Main View";
			sourceTree = "<group>";
		};
		197998CE18AF09E600BAB13B /* Components */ = {
			isa = PBXGroup;
			children = (
				197998CF18AF0A6700BAB13B /* GistParseStorage.h */,
				197998D018AF0A6700BAB13B /* GistParseStorage.m */,
				1906CFA318AF015000A52A4E /* sbAppDelegate.h */,
				1906CFA418AF015000A52A4E /* sbAppDelegate.m */,
			);
			name = Components;
			sourceTree = "<group>";
		};
		1983E48B18AFE1FA006F5FB5 /* Create View */ = {
			isa = PBXGroup;
			children = (
				1983E48C18AFE210006F5FB5 /* sbCreateViewController.h */,
				1983E48D18AFE210006F5FB5 /* sbCreateViewController.m */,
				19008E6818B0275100050939 /* FriendsViewController.h */,
				19008E6918B0275100050939 /* FriendsViewController.m */,
				19008E6B18B028AC00050939 /* FriendCell.h */,
				19008E6C18B028AC00050939 /* FriendCell.m */,
			);
			name = "Create View";
			sourceTree = "<group>";
		};
		19C0597F18B0978B00E8FAA8 /* Open View */ = {
			isa = PBXGroup;
			children = (
				19C0598018B097AA00E8FAA8 /* sbOpenViewController.h */,
				19C0598118B097AA00E8FAA8 /* sbOpenViewController.m */,
			);
			name = "Open View";
			sourceTree = "<group>";
		};
/* End PBXGroup section */

/* Begin PBXNativeTarget section */
		1906CF9018AF015000A52A4E /* Gist */ = {
			isa = PBXNativeTarget;
			buildConfigurationList = 1906CFC618AF015000A52A4E /* Build configuration list for PBXNativeTarget "Gist" */;
			buildPhases = (
				1906CF8D18AF015000A52A4E /* Sources */,
				1906CF8E18AF015000A52A4E /* Frameworks */,
				1906CF8F18AF015000A52A4E /* Resources */,
			);
			buildRules = (
			);
			dependencies = (
			);
			name = Gist;
			productName = Gist;
			productReference = 1906CF9118AF015000A52A4E /* Gist.app */;
			productType = "com.apple.product-type.application";
		};
		1906CFB418AF015000A52A4E /* GistTests */ = {
			isa = PBXNativeTarget;
			buildConfigurationList = 1906CFC918AF015000A52A4E /* Build configuration list for PBXNativeTarget "GistTests" */;
			buildPhases = (
				1906CFB118AF015000A52A4E /* Sources */,
				1906CFB218AF015000A52A4E /* Frameworks */,
				1906CFB318AF015000A52A4E /* Resources */,
			);
			buildRules = (
			);
			dependencies = (
				1906CFBB18AF015000A52A4E /* PBXTargetDependency */,
			);
			name = GistTests;
			productName = GistTests;
			productReference = 1906CFB518AF015000A52A4E /* GistTests.xctest */;
			productType = "com.apple.product-type.bundle.unit-test";
		};
/* End PBXNativeTarget section */

/* Begin PBXProject section */
		1906CF8918AF015000A52A4E /* Project object */ = {
			isa = PBXProject;
			attributes = {
				CLASSPREFIX = sb;
				LastUpgradeCheck = 0500;
				ORGANIZATIONNAME = "Sacha Best";
				TargetAttributes = {
					1906CFB418AF015000A52A4E = {
						TestTargetID = 1906CF9018AF015000A52A4E;
					};
				};
			};
			buildConfigurationList = 1906CF8C18AF015000A52A4E /* Build configuration list for PBXProject "Gist" */;
			compatibilityVersion = "Xcode 3.2";
			developmentRegion = English;
			hasScannedForEncodings = 0;
			knownRegions = (
				en,
				Base,
			);
			mainGroup = 1906CF8818AF015000A52A4E;
			productRefGroup = 1906CF9218AF015000A52A4E /* Products */;
			projectDirPath = "";
			projectRoot = "";
			targets = (
				1906CF9018AF015000A52A4E /* Gist */,
				1906CFB418AF015000A52A4E /* GistTests */,
			);
		};
/* End PBXProject section */

/* Begin PBXResourcesBuildPhase section */
		1906CF8F18AF015000A52A4E /* Resources */ = {
			isa = PBXResourcesBuildPhase;
			buildActionMask = 2147483647;
			files = (
				8BF1727B18B093B8005211CC /* 120pt_logo.png in Resources */,
				8BF1727A18B093B8005211CC /* 80pt_logo.png in Resources */,
				8BF1727718B093B8005211CC /* 40pt_logo.png in Resources */,
				8BB4DC1B18B06EE70067DF3C /* contacts.png in Resources */,
				8BF1727618B093B8005211CC /* 29pt_logo.png in Resources */,
				8BB4DC0718B061570067DF3C /* login_button.png in Resources */,
				1906CFB018AF015000A52A4E /* Images.xcassets in Resources */,
				8BB4DC1318B06ECA0067DF3C /* menu_small.png in Resources */,
				8BB4DC0418B0614C0067DF3C /* login_bg.png in Resources */,
				8BB4DC0F18B06ECA0067DF3C /* sent_small.png in Resources */,
				8BB4DC1418B06ECA0067DF3C /* contacts_small.png in Resources */,
				1906CF9F18AF015000A52A4E /* InfoPlist.strings in Resources */,
				8BB4DC1E18B06EE70067DF3C /* new.png in Resources */,
				8BB4DC1018B06ECA0067DF3C /* profile_small.png in Resources */,
				8BB4DC1118B06ECA0067DF3C /* new_small.png in Resources */,
				8BB4DC1D18B06EE70067DF3C /* my_gist.png in Resources */,
				8BB4DC2018B06EE70067DF3C /* sent.png in Resources */,
				1906CFA818AF015000A52A4E /* Main.storyboard in Resources */,
				8BB4DC2418B071040067DF3C /* unread_small.png in Resources */,
				8BB4DC1F18B06EE70067DF3C /* profile.png in Resources */,
				8BB4DC1C18B06EE70067DF3C /* menu.png in Resources */,
				8BB4DC0818B061570067DF3C /* signup_button.png in Resources */,
				8BF1727918B093B8005211CC /* 60pt_logo.png in Resources */,
				8BB4DC2518B071040067DF3C /* unread.png in Resources */,
				8BF1727818B093B8005211CC /* 58pt_logo.png in Resources */,
				8BB4DC2818B071D00067DF3C /* my_gist_title.png in Resources */,
				8BB4DBF518B060AE0067DF3C /* cancel.png in Resources */,
				8BB4DC1218B06ECA0067DF3C /* my_gist_small.png in Resources */,
			);
			runOnlyForDeploymentPostprocessing = 0;
		};
		1906CFB318AF015000A52A4E /* Resources */ = {
			isa = PBXResourcesBuildPhase;
			buildActionMask = 2147483647;
			files = (
				1906CFC118AF015000A52A4E /* InfoPlist.strings in Resources */,
			);
			runOnlyForDeploymentPostprocessing = 0;
		};
/* End PBXResourcesBuildPhase section */

/* Begin PBXSourcesBuildPhase section */
		1906CF8D18AF015000A52A4E /* Sources */ = {
			isa = PBXSourcesBuildPhase;
			buildActionMask = 2147483647;
			files = (
				197998D118AF0A6700BAB13B /* GistParseStorage.m in Sources */,
				1906CFA118AF015000A52A4E /* main.m in Sources */,
				19008E6A18B0275100050939 /* FriendsViewController.m in Sources */,
				197998AE18AF02E500BAB13B /* sbMainViewController.m in Sources */,
				1983E48E18AFE210006F5FB5 /* sbCreateViewController.m in Sources */,
				19C0598218B097AA00E8FAA8 /* sbOpenViewController.m in Sources */,
				1983E47818AFCC36006F5FB5 /* sbTaskCell.m in Sources */,
				1906CFA518AF015000A52A4E /* sbAppDelegate.m in Sources */,
				19008E6D18B028AC00050939 /* FriendCell.m in Sources */,
			);
			runOnlyForDeploymentPostprocessing = 0;
		};
		1906CFB118AF015000A52A4E /* Sources */ = {
			isa = PBXSourcesBuildPhase;
			buildActionMask = 2147483647;
			files = (
				1906CFC318AF015000A52A4E /* GistTests.m in Sources */,
			);
			runOnlyForDeploymentPostprocessing = 0;
		};
/* End PBXSourcesBuildPhase section */

/* Begin PBXTargetDependency section */
		1906CFBB18AF015000A52A4E /* PBXTargetDependency */ = {
			isa = PBXTargetDependency;
			target = 1906CF9018AF015000A52A4E /* Gist */;
			targetProxy = 1906CFBA18AF015000A52A4E /* PBXContainerItemProxy */;
		};
/* End PBXTargetDependency section */

/* Begin PBXVariantGroup section */
		1906CF9D18AF015000A52A4E /* InfoPlist.strings */ = {
			isa = PBXVariantGroup;
			children = (
				1906CF9E18AF015000A52A4E /* en */,
			);
			name = InfoPlist.strings;
			sourceTree = "<group>";
		};
		1906CFA618AF015000A52A4E /* Main.storyboard */ = {
			isa = PBXVariantGroup;
			children = (
				1906CFA718AF015000A52A4E /* Base */,
			);
			name = Main.storyboard;
			sourceTree = "<group>";
		};
		1906CFBF18AF015000A52A4E /* InfoPlist.strings */ = {
			isa = PBXVariantGroup;
			children = (
				1906CFC018AF015000A52A4E /* en */,
			);
			name = InfoPlist.strings;
			sourceTree = "<group>";
		};
/* End PBXVariantGroup section */

/* Begin XCBuildConfiguration section */
		1906CFC418AF015000A52A4E /* Debug */ = {
			isa = XCBuildConfiguration;
			buildSettings = {
				ALWAYS_SEARCH_USER_PATHS = NO;
				ARCHS = "$(ARCHS_STANDARD_INCLUDING_64_BIT)";
				CLANG_CXX_LANGUAGE_STANDARD = "gnu++0x";
				CLANG_CXX_LIBRARY = "libc++";
				CLANG_ENABLE_MODULES = YES;
				CLANG_ENABLE_OBJC_ARC = YES;
				CLANG_WARN_BOOL_CONVERSION = YES;
				CLANG_WARN_CONSTANT_CONVERSION = YES;
				CLANG_WARN_DIRECT_OBJC_ISA_USAGE = YES_ERROR;
				CLANG_WARN_EMPTY_BODY = YES;
				CLANG_WARN_ENUM_CONVERSION = YES;
				CLANG_WARN_INT_CONVERSION = YES;
				CLANG_WARN_OBJC_ROOT_CLASS = YES_ERROR;
				CLANG_WARN__DUPLICATE_METHOD_MATCH = YES;
				"CODE_SIGN_IDENTITY[sdk=iphoneos*]" = "iPhone Developer";
				COPY_PHASE_STRIP = NO;
				GCC_C_LANGUAGE_STANDARD = gnu99;
				GCC_DYNAMIC_NO_PIC = NO;
				GCC_OPTIMIZATION_LEVEL = 0;
				GCC_PREPROCESSOR_DEFINITIONS = (
					"DEBUG=1",
					"$(inherited)",
				);
				GCC_SYMBOLS_PRIVATE_EXTERN = NO;
				GCC_WARN_64_TO_32_BIT_CONVERSION = YES;
				GCC_WARN_ABOUT_RETURN_TYPE = YES_ERROR;
				GCC_WARN_UNDECLARED_SELECTOR = YES;
				GCC_WARN_UNINITIALIZED_AUTOS = YES;
				GCC_WARN_UNUSED_FUNCTION = YES;
				GCC_WARN_UNUSED_VARIABLE = YES;
				IPHONEOS_DEPLOYMENT_TARGET = 7.0;
				ONLY_ACTIVE_ARCH = YES;
				SDKROOT = iphoneos;
			};
			name = Debug;
		};
		1906CFC518AF015000A52A4E /* Release */ = {
			isa = XCBuildConfiguration;
			buildSettings = {
				ALWAYS_SEARCH_USER_PATHS = NO;
				ARCHS = "$(ARCHS_STANDARD_INCLUDING_64_BIT)";
				CLANG_CXX_LANGUAGE_STANDARD = "gnu++0x";
				CLANG_CXX_LIBRARY = "libc++";
				CLANG_ENABLE_MODULES = YES;
				CLANG_ENABLE_OBJC_ARC = YES;
				CLANG_WARN_BOOL_CONVERSION = YES;
				CLANG_WARN_CONSTANT_CONVERSION = YES;
				CLANG_WARN_DIRECT_OBJC_ISA_USAGE = YES_ERROR;
				CLANG_WARN_EMPTY_BODY = YES;
				CLANG_WARN_ENUM_CONVERSION = YES;
				CLANG_WARN_INT_CONVERSION = YES;
				CLANG_WARN_OBJC_ROOT_CLASS = YES_ERROR;
				CLANG_WARN__DUPLICATE_METHOD_MATCH = YES;
				"CODE_SIGN_IDENTITY[sdk=iphoneos*]" = "iPhone Developer";
				COPY_PHASE_STRIP = YES;
				ENABLE_NS_ASSERTIONS = NO;
				GCC_C_LANGUAGE_STANDARD = gnu99;
				GCC_WARN_64_TO_32_BIT_CONVERSION = YES;
				GCC_WARN_ABOUT_RETURN_TYPE = YES_ERROR;
				GCC_WARN_UNDECLARED_SELECTOR = YES;
				GCC_WARN_UNINITIALIZED_AUTOS = YES;
				GCC_WARN_UNUSED_FUNCTION = YES;
				GCC_WARN_UNUSED_VARIABLE = YES;
				IPHONEOS_DEPLOYMENT_TARGET = 7.0;
				SDKROOT = iphoneos;
				VALIDATE_PRODUCT = YES;
			};
			name = Release;
		};
		1906CFC718AF015000A52A4E /* Debug */ = {
			isa = XCBuildConfiguration;
			buildSettings = {
				ASSETCATALOG_COMPILER_APPICON_NAME = AppIcon;
				ASSETCATALOG_COMPILER_LAUNCHIMAGE_NAME = LaunchBg;
				FRAMEWORK_SEARCH_PATHS = (
					"$(inherited)",
					/Volumes/sachabest/Documents/Gist,
				);
				GCC_PRECOMPILE_PREFIX_HEADER = YES;
				GCC_PREFIX_HEADER = "Gist/Gist-Prefix.pch";
				INFOPLIST_FILE = "Gist/Gist-Info.plist";
				PRODUCT_NAME = "$(TARGET_NAME)";
				WRAPPER_EXTENSION = app;
			};
			name = Debug;
		};
		1906CFC818AF015000A52A4E /* Release */ = {
			isa = XCBuildConfiguration;
			buildSettings = {
				ASSETCATALOG_COMPILER_APPICON_NAME = AppIcon;
				ASSETCATALOG_COMPILER_LAUNCHIMAGE_NAME = LaunchBg;
				FRAMEWORK_SEARCH_PATHS = (
					"$(inherited)",
					/Volumes/sachabest/Documents/Gist,
				);
				GCC_PRECOMPILE_PREFIX_HEADER = YES;
				GCC_PREFIX_HEADER = "Gist/Gist-Prefix.pch";
				INFOPLIST_FILE = "Gist/Gist-Info.plist";
				PRODUCT_NAME = "$(TARGET_NAME)";
				WRAPPER_EXTENSION = app;
			};
			name = Release;
		};
		1906CFCA18AF015000A52A4E /* Debug */ = {
			isa = XCBuildConfiguration;
			buildSettings = {
				ARCHS = "$(ARCHS_STANDARD_INCLUDING_64_BIT)";
				BUNDLE_LOADER = "$(BUILT_PRODUCTS_DIR)/Gist.app/Gist";
				FRAMEWORK_SEARCH_PATHS = (
					"$(SDKROOT)/Developer/Library/Frameworks",
					"$(inherited)",
					"$(DEVELOPER_FRAMEWORKS_DIR)",
				);
				GCC_PRECOMPILE_PREFIX_HEADER = YES;
				GCC_PREFIX_HEADER = "Gist/Gist-Prefix.pch";
				GCC_PREPROCESSOR_DEFINITIONS = (
					"DEBUG=1",
					"$(inherited)",
				);
				INFOPLIST_FILE = "GistTests/GistTests-Info.plist";
				PRODUCT_NAME = "$(TARGET_NAME)";
				TEST_HOST = "$(BUNDLE_LOADER)";
				WRAPPER_EXTENSION = xctest;
			};
			name = Debug;
		};
		1906CFCB18AF015000A52A4E /* Release */ = {
			isa = XCBuildConfiguration;
			buildSettings = {
				ARCHS = "$(ARCHS_STANDARD_INCLUDING_64_BIT)";
				BUNDLE_LOADER = "$(BUILT_PRODUCTS_DIR)/Gist.app/Gist";
				FRAMEWORK_SEARCH_PATHS = (
					"$(SDKROOT)/Developer/Library/Frameworks",
					"$(inherited)",
					"$(DEVELOPER_FRAMEWORKS_DIR)",
				);
				GCC_PRECOMPILE_PREFIX_HEADER = YES;
				GCC_PREFIX_HEADER = "Gist/Gist-Prefix.pch";
				INFOPLIST_FILE = "GistTests/GistTests-Info.plist";
				PRODUCT_NAME = "$(TARGET_NAME)";
				TEST_HOST = "$(BUNDLE_LOADER)";
				WRAPPER_EXTENSION = xctest;
			};
			name = Release;
		};
/* End XCBuildConfiguration section */

/* Begin XCConfigurationList section */
		1906CF8C18AF015000A52A4E /* Build configuration list for PBXProject "Gist" */ = {
			isa = XCConfigurationList;
			buildConfigurations = (
				1906CFC418AF015000A52A4E /* Debug */,
				1906CFC518AF015000A52A4E /* Release */,
			);
			defaultConfigurationIsVisible = 0;
			defaultConfigurationName = Release;
		};
		1906CFC618AF015000A52A4E /* Build configuration list for PBXNativeTarget "Gist" */ = {
			isa = XCConfigurationList;
			buildConfigurations = (
				1906CFC718AF015000A52A4E /* Debug */,
				1906CFC818AF015000A52A4E /* Release */,
			);
			defaultConfigurationIsVisible = 0;
			defaultConfigurationName = Release;
		};
		1906CFC918AF015000A52A4E /* Build configuration list for PBXNativeTarget "GistTests" */ = {
			isa = XCConfigurationList;
			buildConfigurations = (
				1906CFCA18AF015000A52A4E /* Debug */,
				1906CFCB18AF015000A52A4E /* Release */,
			);
			defaultConfigurationIsVisible = 0;
			defaultConfigurationName = Release;
		};
/* End XCConfigurationList section */
	};
	rootObject = 1906CF8918AF015000A52A4E /* Project object */;
}
